
Microsoft Visual Studio Solution File, Format Version 12.00
# Visual Studio Version 17
VisualStudioVersion = 17.3.32929.385
MinimumVisualStudioVersion = 10.0.40219.1
Project("{FAE04EC0-301F-11D3-BF4B-00C04F79EFBC}") = "WebApplication1", "WebApplication1\WebApplication1.csproj", "{B2138940-1BAC-46C0-B06F-E65C4DCDA2AA}"
EndProject
Global
	GlobalSection(SolutionConfigurationPlatforms) = preSolution
		Debug|Any CPU = Debug|Any CPU
		Release|Any CPU = Release|Any CPU
	EndGlobalSection
	GlobalSection(ProjectConfigurationPlatforms) = postSolution
		{B2138940-1BAC-46C0-B06F-E65C4DCDA2AA}.Debug|Any CPU.ActiveCfg = Debug|Any CPU
		{B2138940-1BAC-46C0-B06F-E65C4DCDA2AA}.Debug|Any CPU.Build.0 = Debug|Any CPU
		{B2138940-1BAC-46C0-B06F-E65C4DCDA2AA}.Release|Any CPU.ActiveCfg = Release|Any CPU
		{B2138940-1BAC-46C0-B06F-E65C4DCDA2AA}.Release|Any CPU.Build.0 = Release|Any CPU
	EndGlobalSection
	GlobalSection(SolutionProperties) = preSolution
		HideSolutionNode = FALSE
	EndGlobalSection
	GlobalSection(ExtensibilityGlobals) = postSolution
		SolutionGuid = {AB787EA3-152F-4B40-BF9A-9B41909683F1}
	EndGlobalSection
EndGlobal
